
Microsoft Visual Studio Solution File, Format Version 12.00
# Visual Studio Version 17
VisualStudioVersion = 17.8.34511.84
MinimumVisualStudioVersion = 10.0.40219.1
Project("{9A19103F-16F7-4668-BE54-9A1E7A4F7556}") = "Auth", "Auth.csproj", "{636802E8-DCD9-4DE3-AC00-E71B583CB189}"
EndProject
Project("{9A19103F-16F7-4668-BE54-9A1E7A4F7556}") = "Auth.Application", "..\Auth.BLL\Auth.Application.csproj", "{5A7E426E-33AC-4BA1-AF51-921E35130016}"
EndProject
Project("{9A19103F-16F7-4668-BE54-9A1E7A4F7556}") = "Auth.Common", "..\Auth.Common\Auth.Common.csproj", "{570B4A0C-AB64-4862-877D-D71CBD313996}"
EndProject
Project("{9A19103F-16F7-4668-BE54-9A1E7A4F7556}") = "Auth.Domain", "..\Auth.Domain\Auth.Domain.csproj", "{A5229A39-7F65-4165-B8DD-CDB028515BD9}"
EndProject
Project("{FAE04EC0-301F-11D3-BF4B-00C04F79EFBC}") = "Auth.Infrastructure", "..\Auth.Infrastructure\Auth.Infrastructure.csproj", "{5A977097-BAFE-4D79-B2C2-5A614B0561AE}"
EndProject
Global
	GlobalSection(SolutionConfigurationPlatforms) = preSolution
		Debug|Any CPU = Debug|Any CPU
		Release|Any CPU = Release|Any CPU
	EndGlobalSection
	GlobalSection(ProjectConfigurationPlatforms) = postSolution
		{636802E8-DCD9-4DE3-AC00-E71B583CB189}.Debug|Any CPU.ActiveCfg = Debug|Any CPU
		{636802E8-DCD9-4DE3-AC00-E71B583CB189}.Debug|Any CPU.Build.0 = Debug|Any CPU
		{636802E8-DCD9-4DE3-AC00-E71B583CB189}.Release|Any CPU.ActiveCfg = Release|Any CPU
		{636802E8-DCD9-4DE3-AC00-E71B583CB189}.Release|Any CPU.Build.0 = Release|Any CPU
		{5A7E426E-33AC-4BA1-AF51-921E35130016}.Debug|Any CPU.ActiveCfg = Debug|Any CPU
		{5A7E426E-33AC-4BA1-AF51-921E35130016}.Debug|Any CPU.Build.0 = Debug|Any CPU
		{5A7E426E-33AC-4BA1-AF51-921E35130016}.Release|Any CPU.ActiveCfg = Release|Any CPU
		{5A7E426E-33AC-4BA1-AF51-921E35130016}.Release|Any CPU.Build.0 = Release|Any CPU
		{570B4A0C-AB64-4862-877D-D71CBD313996}.Debug|Any CPU.ActiveCfg = Debug|Any CPU
		{570B4A0C-AB64-4862-877D-D71CBD313996}.Debug|Any CPU.Build.0 = Debug|Any CPU
		{570B4A0C-AB64-4862-877D-D71CBD313996}.Release|Any CPU.ActiveCfg = Release|Any CPU
		{570B4A0C-AB64-4862-877D-D71CBD313996}.Release|Any CPU.Build.0 = Release|Any CPU
		{A5229A39-7F65-4165-B8DD-CDB028515BD9}.Debug|Any CPU.ActiveCfg = Debug|Any CPU
		{A5229A39-7F65-4165-B8DD-CDB028515BD9}.Debug|Any CPU.Build.0 = Debug|Any CPU
		{A5229A39-7F65-4165-B8DD-CDB028515BD9}.Release|Any CPU.ActiveCfg = Release|Any CPU
		{A5229A39-7F65-4165-B8DD-CDB028515BD9}.Release|Any CPU.Build.0 = Release|Any CPU
		{5A977097-BAFE-4D79-B2C2-5A614B0561AE}.Debug|Any CPU.ActiveCfg = Debug|Any CPU
		{5A977097-BAFE-4D79-B2C2-5A614B0561AE}.Debug|Any CPU.Build.0 = Debug|Any CPU
		{5A977097-BAFE-4D79-B2C2-5A614B0561AE}.Release|Any CPU.ActiveCfg = Release|Any CPU
		{5A977097-BAFE-4D79-B2C2-5A614B0561AE}.Release|Any CPU.Build.0 = Release|Any CPU
	EndGlobalSection
	GlobalSection(SolutionProperties) = preSolution
		HideSolutionNode = FALSE
	EndGlobalSection
	GlobalSection(ExtensibilityGlobals) = postSolution
		SolutionGuid = {F11EF82A-5A4C-4361-93B2-4BD835562859}
	EndGlobalSection
EndGlobal
